
Microsoft Visual Studio Solution File, Format Version 12.00
# Visual Studio Version 17
VisualStudioVersion = 17.6.33723.286
MinimumVisualStudioVersion = 10.0.40219.1
Project("{9A19103F-16F7-4668-BE54-9A1E7A4F7556}") = "EcommerceAPI", "EcommerceAPI\EcommerceAPI.csproj", "{639B02BF-1C9C-4E41-B09D-C23D53EDCC05}"
EndProject
Project("{FAE04EC0-301F-11D3-BF4B-00C04F79EFBC}") = "EcommerceAPI.Tests", "EcommerceAPI.Tests\EcommerceAPI.Tests.csproj", "{9D4517F7-41DF-488B-B38F-BE5C97F592CF}"
EndProject
Global
	GlobalSection(SolutionConfigurationPlatforms) = preSolution
		Debug|Any CPU = Debug|Any CPU
		Release|Any CPU = Release|Any CPU
	EndGlobalSection
	GlobalSection(ProjectConfigurationPlatforms) = postSolution
		{639B02BF-1C9C-4E41-B09D-C23D53EDCC05}.Debug|Any CPU.ActiveCfg = Debug|Any CPU
		{639B02BF-1C9C-4E41-B09D-C23D53EDCC05}.Debug|Any CPU.Build.0 = Debug|Any CPU
		{639B02BF-1C9C-4E41-B09D-C23D53EDCC05}.Release|Any CPU.ActiveCfg = Release|Any CPU
		{639B02BF-1C9C-4E41-B09D-C23D53EDCC05}.Release|Any CPU.Build.0 = Release|Any CPU
		{9D4517F7-41DF-488B-B38F-BE5C97F592CF}.Debug|Any CPU.ActiveCfg = Debug|Any CPU
		{9D4517F7-41DF-488B-B38F-BE5C97F592CF}.Debug|Any CPU.Build.0 = Debug|Any CPU
		{9D4517F7-41DF-488B-B38F-BE5C97F592CF}.Release|Any CPU.ActiveCfg = Release|Any CPU
		{9D4517F7-41DF-488B-B38F-BE5C97F592CF}.Release|Any CPU.Build.0 = Release|Any CPU
	EndGlobalSection
	GlobalSection(SolutionProperties) = preSolution
		HideSolutionNode = FALSE
	EndGlobalSection
	GlobalSection(ExtensibilityGlobals) = postSolution
		SolutionGuid = {248C4EE6-7681-4D86-9ABF-4242F0297AEB}
	EndGlobalSection
EndGlobal
